// !$*UTF8*$!
{
	archiveVersion = 1;
	classes = {
	};
	objectVersion = 55;
	objects = {

/* Begin PBXBuildFile section */
		2D0AC4362917E6C7004B73F2 /* Person.swift in Sources */ = {isa = PBXBuildFile; fileRef = 2D0AC4352917E6C7004B73F2 /* Person.swift */; };
		2D0AC4382917EAE1004B73F2 /* FullNameRow.swift in Sources */ = {isa = PBXBuildFile; fileRef = 2D0AC4372917EAE1004B73F2 /* FullNameRow.swift */; };
		2D0AC43A2917F586004B73F2 /* PersonDetails.swift in Sources */ = {isa = PBXBuildFile; fileRef = 2D0AC4392917F586004B73F2 /* PersonDetails.swift */; };
		2D2ED55829180CF900EF3F4B /* NumbersList.swift in Sources */ = {isa = PBXBuildFile; fileRef = 2D2ED55729180CF900EF3F4B /* NumbersList.swift */; };
		2D2ED55A29180F0D00EF3F4B /* PersonSection.swift in Sources */ = {isa = PBXBuildFile; fileRef = 2D2ED55929180F0D00EF3F4B /* PersonSection.swift */; };
		2D3A3A752916FEC700DA30A9 /* SB_HW_3_5_SwiftUI_List_NavigationApp.swift in Sources */ = {isa = PBXBuildFile; fileRef = 2D3A3A742916FEC700DA30A9 /* SB_HW_3_5_SwiftUI_List_NavigationApp.swift */; };
		2D3A3A772916FEC700DA30A9 /* ContentView.swift in Sources */ = {isa = PBXBuildFile; fileRef = 2D3A3A762916FEC700DA30A9 /* ContentView.swift */; };
		2D3A3A792916FEC800DA30A9 /* Assets.xcassets in Resources */ = {isa = PBXBuildFile; fileRef = 2D3A3A782916FEC800DA30A9 /* Assets.xcassets */; };
		2D3A3A7C2916FEC800DA30A9 /* Preview Assets.xcassets in Resources */ = {isa = PBXBuildFile; fileRef = 2D3A3A7B2916FEC800DA30A9 /* Preview Assets.xcassets */; };
		2D3A3A832917562100DA30A9 /* DataManager.swift in Sources */ = {isa = PBXBuildFile; fileRef = 2D3A3A822917562100DA30A9 /* DataManager.swift */; };
		2D3A3A8529175D2500DA30A9 /* ContactList.swift in Sources */ = {isa = PBXBuildFile; fileRef = 2D3A3A8429175D2500DA30A9 /* ContactList.swift */; };
/* End PBXBuildFile section */

/* Begin PBXFileReference section */
		2D0AC4352917E6C7004B73F2 /* Person.swift */ = {isa = PBXFileReference; lastKnownFileType = sourcecode.swift; path = Person.swift; sourceTree = "<group>"; };
		2D0AC4372917EAE1004B73F2 /* FullNameRow.swift */ = {isa = PBXFileReference; lastKnownFileType = sourcecode.swift; path = FullNameRow.swift; sourceTree = "<group>"; };
		2D0AC4392917F586004B73F2 /* PersonDetails.swift */ = {isa = PBXFileReference; lastKnownFileType = sourcecode.swift; path = PersonDetails.swift; sourceTree = "<group>"; };
		2D2ED55729180CF900EF3F4B /* NumbersList.swift */ = {isa = PBXFileReference; lastKnownFileType = sourcecode.swift; path = NumbersList.swift; sourceTree = "<group>"; };
		2D2ED55929180F0D00EF3F4B /* PersonSection.swift */ = {isa = PBXFileReference; lastKnownFileType = sourcecode.swift; path = PersonSection.swift; sourceTree = "<group>"; };
		2D3A3A712916FEC700DA30A9 /* SB-HW-3.5-SwiftUI-List-Navigation.app */ = {isa = PBXFileReference; explicitFileType = wrapper.application; includeInIndex = 0; path = "SB-HW-3.5-SwiftUI-List-Navigation.app"; sourceTree = BUILT_PRODUCTS_DIR; };
		2D3A3A742916FEC700DA30A9 /* SB_HW_3_5_SwiftUI_List_NavigationApp.swift */ = {isa = PBXFileReference; lastKnownFileType = sourcecode.swift; path = SB_HW_3_5_SwiftUI_List_NavigationApp.swift; sourceTree = "<group>"; };
		2D3A3A762916FEC700DA30A9 /* ContentView.swift */ = {isa = PBXFileReference; lastKnownFileType = sourcecode.swift; path = ContentView.swift; sourceTree = "<group>"; };
		2D3A3A782916FEC800DA30A9 /* Assets.xcassets */ = {isa = PBXFileReference; lastKnownFileType = folder.assetcatalog; path = Assets.xcassets; sourceTree = "<group>"; };
		2D3A3A7B2916FEC800DA30A9 /* Preview Assets.xcassets */ = {isa = PBXFileReference; lastKnownFileType = folder.assetcatalog; path = "Preview Assets.xcassets"; sourceTree = "<group>"; };
		2D3A3A822917562100DA30A9 /* DataManager.swift */ = {isa = PBXFileReference; lastKnownFileType = sourcecode.swift; path = DataManager.swift; sourceTree = "<group>"; };
		2D3A3A8429175D2500DA30A9 /* ContactList.swift */ = {isa = PBXFileReference; lastKnownFileType = sourcecode.swift; path = ContactList.swift; sourceTree = "<group>"; };
/* End PBXFileReference section */

/* Begin PBXFrameworksBuildPhase section */
		2D3A3A6E2916FEC700DA30A9 /* Frameworks */ = {
			isa = PBXFrameworksBuildPhase;
			buildActionMask = 2147483647;
			files = (
			);
			runOnlyForDeploymentPostprocessing = 0;
		};
/* End PBXFrameworksBuildPhase section */

/* Begin PBXGroup section */
		2D3A3A682916FEC700DA30A9 = {
			isa = PBXGroup;
			children = (
				2D3A3A732916FEC700DA30A9 /* SB-HW-3.5-SwiftUI-List-Navigation */,
				2D3A3A722916FEC700DA30A9 /* Products */,
			);
			sourceTree = "<group>";
		};
		2D3A3A722916FEC700DA30A9 /* Products */ = {
			isa = PBXGroup;
			children = (
				2D3A3A712916FEC700DA30A9 /* SB-HW-3.5-SwiftUI-List-Navigation.app */,
			);
			name = Products;
			sourceTree = "<group>";
		};
		2D3A3A732916FEC700DA30A9 /* SB-HW-3.5-SwiftUI-List-Navigation */ = {
			isa = PBXGroup;
			children = (
				2D3A3A742916FEC700DA30A9 /* SB_HW_3_5_SwiftUI_List_NavigationApp.swift */,
				2D3A3A762916FEC700DA30A9 /* ContentView.swift */,
				2D3A3A8429175D2500DA30A9 /* ContactList.swift */,
				2D2ED55729180CF900EF3F4B /* NumbersList.swift */,
				2D2ED55929180F0D00EF3F4B /* PersonSection.swift */,
				2D0AC4392917F586004B73F2 /* PersonDetails.swift */,
				2D0AC4372917EAE1004B73F2 /* FullNameRow.swift */,
				2D3A3A822917562100DA30A9 /* DataManager.swift */,
				2D0AC4352917E6C7004B73F2 /* Person.swift */,
				2D3A3A782916FEC800DA30A9 /* Assets.xcassets */,
				2D3A3A7A2916FEC800DA30A9 /* Preview Content */,
			);
			path = "SB-HW-3.5-SwiftUI-List-Navigation";
			sourceTree = "<group>";
		};
		2D3A3A7A2916FEC800DA30A9 /* Preview Content */ = {
			isa = PBXGroup;
			children = (
				2D3A3A7B2916FEC800DA30A9 /* Preview Assets.xcassets */,
			);
			path = "Preview Content";
			sourceTree = "<group>";
		};
/* End PBXGroup section */

/* Begin PBXNativeTarget section */
		2D3A3A702916FEC700DA30A9 /* SB-HW-3.5-SwiftUI-List-Navigation */ = {
			isa = PBXNativeTarget;
			buildConfigurationList = 2D3A3A7F2916FEC800DA30A9 /* Build configuration list for PBXNativeTarget "SB-HW-3.5-SwiftUI-List-Navigation" */;
			buildPhases = (
				2D3A3A6D2916FEC700DA30A9 /* Sources */,
				2D3A3A6E2916FEC700DA30A9 /* Frameworks */,
				2D3A3A6F2916FEC700DA30A9 /* Resources */,
			);
			buildRules = (
			);
			dependencies = (
			);
			name = "SB-HW-3.5-SwiftUI-List-Navigation";
			productName = "SB-HW-3.5-SwiftUI-List-Navigation";
			productReference = 2D3A3A712916FEC700DA30A9 /* SB-HW-3.5-SwiftUI-List-Navigation.app */;
			productType = "com.apple.product-type.application";
		};
/* End PBXNativeTarget section */

/* Begin PBXProject section */
		2D3A3A692916FEC700DA30A9 /* Project object */ = {
			isa = PBXProject;
			attributes = {
				BuildIndependentTargetsInParallel = 1;
				LastSwiftUpdateCheck = 1340;
				LastUpgradeCheck = 1340;
				TargetAttributes = {
					2D3A3A702916FEC700DA30A9 = {
						CreatedOnToolsVersion = 13.4.1;
					};
				};
			};
			buildConfigurationList = 2D3A3A6C2916FEC700DA30A9 /* Build configuration list for PBXProject "SB-HW-3.5-SwiftUI-List-Navigation" */;
			compatibilityVersion = "Xcode 13.0";
			developmentRegion = en;
			hasScannedForEncodings = 0;
			knownRegions = (
				en,
				Base,
			);
			mainGroup = 2D3A3A682916FEC700DA30A9;
			productRefGroup = 2D3A3A722916FEC700DA30A9 /* Products */;
			projectDirPath = "";
			projectRoot = "";
			targets = (
				2D3A3A702916FEC700DA30A9 /* SB-HW-3.5-SwiftUI-List-Navigation */,
			);
		};
/* End PBXProject section */

/* Begin PBXResourcesBuildPhase section */
		2D3A3A6F2916FEC700DA30A9 /* Resources */ = {
			isa = PBXResourcesBuildPhase;
			buildActionMask = 2147483647;
			files = (
				2D3A3A7C2916FEC800DA30A9 /* Preview Assets.xcassets in Resources */,
				2D3A3A792916FEC800DA30A9 /* Assets.xcassets in Resources */,
			);
			runOnlyForDeploymentPostprocessing = 0;
		};
/* End PBXResourcesBuildPhase section */

/* Begin PBXSourcesBuildPhase section */
		2D3A3A6D2916FEC700DA30A9 /* Sources */ = {
			isa = PBXSourcesBuildPhase;
			buildActionMask = 2147483647;
			files = (
				2D0AC4362917E6C7004B73F2 /* Person.swift in Sources */,
				2D0AC43A2917F586004B73F2 /* PersonDetails.swift in Sources */,
				2D3A3A8529175D2500DA30A9 /* ContactList.swift in Sources */,
				2D0AC4382917EAE1004B73F2 /* FullNameRow.swift in Sources */,
				2D2ED55829180CF900EF3F4B /* NumbersList.swift in Sources */,
				2D3A3A772916FEC700DA30A9 /* ContentView.swift in Sources */,
				2D3A3A832917562100DA30A9 /* DataManager.swift in Sources */,
				2D2ED55A29180F0D00EF3F4B /* PersonSection.swift in Sources */,
				2D3A3A752916FEC700DA30A9 /* SB_HW_3_5_SwiftUI_List_NavigationApp.swift in Sources */,
			);
			runOnlyForDeploymentPostprocessing = 0;
		};
/* End PBXSourcesBuildPhase section */

/* Begin XCBuildConfiguration section */
		2D3A3A7D2916FEC800DA30A9 /* Debug */ = {
			isa = XCBuildConfiguration;
			buildSettings = {
				ALWAYS_SEARCH_USER_PATHS = NO;
				CLANG_ANALYZER_NONNULL = YES;
				CLANG_ANALYZER_NUMBER_OBJECT_CONVERSION = YES_AGGRESSIVE;
				CLANG_CXX_LANGUAGE_STANDARD = "gnu++17";
				CLANG_ENABLE_MODULES = YES;
				CLANG_ENABLE_OBJC_ARC = YES;
				CLANG_ENABLE_OBJC_WEAK = YES;
				CLANG_WARN_BLOCK_CAPTURE_AUTORELEASING = YES;
				CLANG_WARN_BOOL_CONVERSION = YES;
				CLANG_WARN_COMMA = YES;
				CLANG_WARN_CONSTANT_CONVERSION = YES;
				CLANG_WARN_DEPRECATED_OBJC_IMPLEMENTATIONS = YES;
				CLANG_WARN_DIRECT_OBJC_ISA_USAGE = YES_ERROR;
				CLANG_WARN_DOCUMENTATION_COMMENTS = YES;
				CLANG_WARN_EMPTY_BODY = YES;
				CLANG_WARN_ENUM_CONVERSION = YES;
				CLANG_WARN_INFINITE_RECURSION = YES;
				CLANG_WARN_INT_CONVERSION = YES;
				CLANG_WARN_NON_LITERAL_NULL_CONVERSION = YES;
				CLANG_WARN_OBJC_IMPLICIT_RETAIN_SELF = YES;
				CLANG_WARN_OBJC_LITERAL_CONVERSION = YES;
				CLANG_WARN_OBJC_ROOT_CLASS = YES_ERROR;
				CLANG_WARN_QUOTED_INCLUDE_IN_FRAMEWORK_HEADER = YES;
				CLANG_WARN_RANGE_LOOP_ANALYSIS = YES;
				CLANG_WARN_STRICT_PROTOTYPES = YES;
				CLANG_WARN_SUSPICIOUS_MOVE = YES;
				CLANG_WARN_UNGUARDED_AVAILABILITY = YES_AGGRESSIVE;
				CLANG_WARN_UNREACHABLE_CODE = YES;
				CLANG_WARN__DUPLICATE_METHOD_MATCH = YES;
				COPY_PHASE_STRIP = NO;
				DEBUG_INFORMATION_FORMAT = dwarf;
				ENABLE_STRICT_OBJC_MSGSEND = YES;
				ENABLE_TESTABILITY = YES;
				GCC_C_LANGUAGE_STANDARD = gnu11;
				GCC_DYNAMIC_NO_PIC = NO;
				GCC_NO_COMMON_BLOCKS = YES;
				GCC_OPTIMIZATION_LEVEL = 0;
				GCC_PREPROCESSOR_DEFINITIONS = (
					"DEBUG=1",
					"$(inherited)",
				);
				GCC_WARN_64_TO_32_BIT_CONVERSION = YES;
				GCC_WARN_ABOUT_RETURN_TYPE = YES_ERROR;
				GCC_WARN_UNDECLARED_SELECTOR = YES;
				GCC_WARN_UNINITIALIZED_AUTOS = YES_AGGRESSIVE;
				GCC_WARN_UNUSED_FUNCTION = YES;
				GCC_WARN_UNUSED_VARIABLE = YES;
				IPHONEOS_DEPLOYMENT_TARGET = 15.5;
				MTL_ENABLE_DEBUG_INFO = INCLUDE_SOURCE;
				MTL_FAST_MATH = YES;
				ONLY_ACTIVE_ARCH = YES;
				SDKROOT = iphoneos;
				SWIFT_ACTIVE_COMPILATION_CONDITIONS = DEBUG;
				SWIFT_OPTIMIZATION_LEVEL = "-Onone";
			};
			name = Debug;
		};
		2D3A3A7E2916FEC800DA30A9 /* Release */ = {
			isa = XCBuildConfiguration;
			buildSettings = {
				ALWAYS_SEARCH_USER_PATHS = NO;
				CLANG_ANALYZER_NONNULL = YES;
				CLANG_ANALYZER_NUMBER_OBJECT_CONVERSION = YES_AGGRESSIVE;
				CLANG_CXX_LANGUAGE_STANDARD = "gnu++17";
				CLANG_ENABLE_MODULES = YES;
				CLANG_ENABLE_OBJC_ARC = YES;
				CLANG_ENABLE_OBJC_WEAK = YES;
				CLANG_WARN_BLOCK_CAPTURE_AUTORELEASING = YES;
				CLANG_WARN_BOOL_CONVERSION = YES;
				CLANG_WARN_COMMA = YES;
				CLANG_WARN_CONSTANT_CONVERSION = YES;
				CLANG_WARN_DEPRECATED_OBJC_IMPLEMENTATIONS = YES;
				CLANG_WARN_DIRECT_OBJC_ISA_USAGE = YES_ERROR;
				CLANG_WARN_DOCUMENTATION_COMMENTS = YES;
				CLANG_WARN_EMPTY_BODY = YES;
				CLANG_WARN_ENUM_CONVERSION = YES;
				CLANG_WARN_INFINITE_RECURSION = YES;
				CLANG_WARN_INT_CONVERSION = YES;
				CLANG_WARN_NON_LITERAL_NULL_CONVERSION = YES;
				CLANG_WARN_OBJC_IMPLICIT_RETAIN_SELF = YES;
				CLANG_WARN_OBJC_LITERAL_CONVERSION = YES;
				CLANG_WARN_OBJC_ROOT_CLASS = YES_ERROR;
				CLANG_WARN_QUOTED_INCLUDE_IN_FRAMEWORK_HEADER = YES;
				CLANG_WARN_RANGE_LOOP_ANALYSIS = YES;
				CLANG_WARN_STRICT_PROTOTYPES = YES;
				CLANG_WARN_SUSPICIOUS_MOVE = YES;
				CLANG_WARN_UNGUARDED_AVAILABILITY = YES_AGGRESSIVE;
				CLANG_WARN_UNREACHABLE_CODE = YES;
				CLANG_WARN__DUPLICATE_METHOD_MATCH = YES;
				COPY_PHASE_STRIP = NO;
				DEBUG_INFORMATION_FORMAT = "dwarf-with-dsym";
				ENABLE_NS_ASSERTIONS = NO;
				ENABLE_STRICT_OBJC_MSGSEND = YES;
				GCC_C_LANGUAGE_STANDARD = gnu11;
				GCC_NO_COMMON_BLOCKS = YES;
				GCC_WARN_64_TO_32_BIT_CONVERSION = YES;
				GCC_WARN_ABOUT_RETURN_TYPE = YES_ERROR;
				GCC_WARN_UNDECLARED_SELECTOR = YES;
				GCC_WARN_UNINITIALIZED_AUTOS = YES_AGGRESSIVE;
				GCC_WARN_UNUSED_FUNCTION = YES;
				GCC_WARN_UNUSED_VARIABLE = YES;
				IPHONEOS_DEPLOYMENT_TARGET = 15.5;
				MTL_ENABLE_DEBUG_INFO = NO;
				MTL_FAST_MATH = YES;
				SDKROOT = iphoneos;
				SWIFT_COMPILATION_MODE = wholemodule;
				SWIFT_OPTIMIZATION_LEVEL = "-O";
				VALIDATE_PRODUCT = YES;
			};
			name = Release;
		};
		2D3A3A802916FEC800DA30A9 /* Debug */ = {
			isa = XCBuildConfiguration;
			buildSettings = {
				ASSETCATALOG_COMPILER_APPICON_NAME = AppIcon;
				ASSETCATALOG_COMPILER_GLOBAL_ACCENT_COLOR_NAME = AccentColor;
				CODE_SIGN_STYLE = Automatic;
				CURRENT_PROJECT_VERSION = 1;
				DEVELOPMENT_ASSET_PATHS = "\"SB-HW-3.5-SwiftUI-List-Navigation/Preview Content\"";
				DEVELOPMENT_TEAM = 46YHF3B432;
				ENABLE_PREVIEWS = YES;
				GENERATE_INFOPLIST_FILE = YES;
				INFOPLIST_KEY_UIApplicationSceneManifest_Generation = YES;
				INFOPLIST_KEY_UIApplicationSupportsIndirectInputEvents = YES;
				INFOPLIST_KEY_UILaunchScreen_Generation = YES;
				INFOPLIST_KEY_UISupportedInterfaceOrientations_iPad = "UIInterfaceOrientationPortrait UIInterfaceOrientationPortraitUpsideDown UIInterfaceOrientationLandscapeLeft UIInterfaceOrientationLandscapeRight";
				INFOPLIST_KEY_UISupportedInterfaceOrientations_iPhone = "UIInterfaceOrientationPortrait UIInterfaceOrientationLandscapeLeft UIInterfaceOrientationLandscapeRight";
				LD_RUNPATH_SEARCH_PATHS = (
					"$(inherited)",
					"@executable_path/Frameworks",
				);
				MARKETING_VERSION = 1.0;
				PRODUCT_BUNDLE_IDENTIFIER = "LLM.SB-HW-3-5-SwiftUI-List-Navigation";
				PRODUCT_NAME = "$(TARGET_NAME)";
				SWIFT_EMIT_LOC_STRINGS = YES;
				SWIFT_VERSION = 5.0;
				TARGETED_DEVICE_FAMILY = "1,2";
			};
			name = Debug;
		};
		2D3A3A812916FEC800DA30A9 /* Release */ = {
			isa = XCBuildConfiguration;
			buildSettings = {
				ASSETCATALOG_COMPILER_APPICON_NAME = AppIcon;
				ASSETCATALOG_COMPILER_GLOBAL_ACCENT_COLOR_NAME = AccentColor;
				CODE_SIGN_STYLE = Automatic;
				CURRENT_PROJECT_VERSION = 1;
				DEVELOPMENT_ASSET_PATHS = "\"SB-HW-3.5-SwiftUI-List-Navigation/Preview Content\"";
				DEVELOPMENT_TEAM = 46YHF3B432;
				ENABLE_PREVIEWS = YES;
				GENERATE_INFOPLIST_FILE = YES;
				INFOPLIST_KEY_UIApplicationSceneManifest_Generation = YES;
				INFOPLIST_KEY_UIApplicationSupportsIndirectInputEvents = YES;
				INFOPLIST_KEY_UILaunchScreen_Generation = YES;
				INFOPLIST_KEY_UISupportedInterfaceOrientations_iPad = "UIInterfaceOrientationPortrait UIInterfaceOrientationPortraitUpsideDown UIInterfaceOrientationLandscapeLeft UIInterfaceOrientationLandscapeRight";
				INFOPLIST_KEY_UISupportedInterfaceOrientations_iPhone = "UIInterfaceOrientationPortrait UIInterfaceOrientationLandscapeLeft UIInterfaceOrientationLandscapeRight";
				LD_RUNPATH_SEARCH_PATHS = (
					"$(inherited)",
					"@executable_path/Frameworks",
				);
				MARKETING_VERSION = 1.0;
				PRODUCT_BUNDLE_IDENTIFIER = "LLM.SB-HW-3-5-SwiftUI-List-Navigation";
				PRODUCT_NAME = "$(TARGET_NAME)";
				SWIFT_EMIT_LOC_STRINGS = YES;
				SWIFT_VERSION = 5.0;
				TARGETED_DEVICE_FAMILY = "1,2";
			};
			name = Release;
		};
/* End XCBuildConfiguration section */

/* Begin XCConfigurationList section */
		2D3A3A6C2916FEC700DA30A9 /* Build configuration list for PBXProject "SB-HW-3.5-SwiftUI-List-Navigation" */ = {
			isa = XCConfigurationList;
			buildConfigurations = (
				2D3A3A7D2916FEC800DA30A9 /* Debug */,
				2D3A3A7E2916FEC800DA30A9 /* Release */,
			);
			defaultConfigurationIsVisible = 0;
			defaultConfigurationName = Release;
		};
		2D3A3A7F2916FEC800DA30A9 /* Build configuration list for PBXNativeTarget "SB-HW-3.5-SwiftUI-List-Navigation" */ = {
			isa = XCConfigurationList;
			buildConfigurations = (
				2D3A3A802916FEC800DA30A9 /* Debug */,
				2D3A3A812916FEC800DA30A9 /* Release */,
			);
			defaultConfigurationIsVisible = 0;
			defaultConfigurationName = Release;
		};
/* End XCConfigurationList section */
	};
	rootObject = 2D3A3A692916FEC700DA30A9 /* Project object */;
}
